
Microsoft Visual Studio Solution File, Format Version 12.00
# Visual Studio Version 17
VisualStudioVersion = 17.5.2.0
MinimumVisualStudioVersion = 10.0.40219.1
Project("{FAE04EC0-301F-11D3-BF4B-00C04F79EFBC}") = "Shipyard", "Shipyard\Shipyard.csproj", "{7C7CC19D-336F-232D-F2F3-F4100D3F905B}"
EndProject
Project("{FAE04EC0-301F-11D3-BF4B-00C04F79EFBC}") = "Shipyard.Demo", "Shipyard.Demo\Shipyard.Demo.csproj", "{8E68F21C-0DDB-43F1-9157-763762FFF72E}"
EndProject
Global
	GlobalSection(SolutionConfigurationPlatforms) = preSolution
		Debug|Any CPU = Debug|Any CPU
		Debug|x64 = Debug|x64
		Debug|x86 = Debug|x86
		Release|Any CPU = Release|Any CPU
		Release|x64 = Release|x64
		Release|x86 = Release|x86
	EndGlobalSection
	GlobalSection(ProjectConfigurationPlatforms) = postSolution
		{7C7CC19D-336F-232D-F2F3-F4100D3F905B}.Debug|Any CPU.ActiveCfg = Debug|Any CPU
		{7C7CC19D-336F-232D-F2F3-F4100D3F905B}.Debug|Any CPU.Build.0 = Debug|Any CPU
		{7C7CC19D-336F-232D-F2F3-F4100D3F905B}.Debug|x64.ActiveCfg = Debug|Any CPU
		{7C7CC19D-336F-232D-F2F3-F4100D3F905B}.Debug|x64.Build.0 = Debug|Any CPU
		{7C7CC19D-336F-232D-F2F3-F4100D3F905B}.Debug|x86.ActiveCfg = Debug|Any CPU
		{7C7CC19D-336F-232D-F2F3-F4100D3F905B}.Debug|x86.Build.0 = Debug|Any CPU
		{7C7CC19D-336F-232D-F2F3-F4100D3F905B}.Release|Any CPU.ActiveCfg = Release|Any CPU
		{7C7CC19D-336F-232D-F2F3-F4100D3F905B}.Release|Any CPU.Build.0 = Release|Any CPU
		{7C7CC19D-336F-232D-F2F3-F4100D3F905B}.Release|x64.ActiveCfg = Release|Any CPU
		{7C7CC19D-336F-232D-F2F3-F4100D3F905B}.Release|x64.Build.0 = Release|Any CPU
		{7C7CC19D-336F-232D-F2F3-F4100D3F905B}.Release|x86.ActiveCfg = Release|Any CPU
		{7C7CC19D-336F-232D-F2F3-F4100D3F905B}.Release|x86.Build.0 = Release|Any CPU
		{8E68F21C-0DDB-43F1-9157-763762FFF72E}.Debug|Any CPU.ActiveCfg = Debug|Any CPU
		{8E68F21C-0DDB-43F1-9157-763762FFF72E}.Debug|Any CPU.Build.0 = Debug|Any CPU
		{8E68F21C-0DDB-43F1-9157-763762FFF72E}.Debug|x64.ActiveCfg = Debug|Any CPU
		{8E68F21C-0DDB-43F1-9157-763762FFF72E}.Debug|x64.Build.0 = Debug|Any CPU
		{8E68F21C-0DDB-43F1-9157-763762FFF72E}.Debug|x86.ActiveCfg = Debug|Any CPU
		{8E68F21C-0DDB-43F1-9157-763762FFF72E}.Debug|x86.Build.0 = Debug|Any CPU
		{8E68F21C-0DDB-43F1-9157-763762FFF72E}.Release|Any CPU.ActiveCfg = Release|Any CPU
		{8E68F21C-0DDB-43F1-9157-763762FFF72E}.Release|Any CPU.Build.0 = Release|Any CPU
		{8E68F21C-0DDB-43F1-9157-763762FFF72E}.Release|x64.ActiveCfg = Release|Any CPU
		{8E68F21C-0DDB-43F1-9157-763762FFF72E}.Release|x64.Build.0 = Release|Any CPU
		{8E68F21C-0DDB-43F1-9157-763762FFF72E}.Release|x86.ActiveCfg = Release|Any CPU
		{8E68F21C-0DDB-43F1-9157-763762FFF72E}.Release|x86.Build.0 = Release|Any CPU
	EndGlobalSection
	GlobalSection(SolutionProperties) = preSolution
		HideSolutionNode = FALSE
	EndGlobalSection
	GlobalSection(ExtensibilityGlobals) = postSolution
		SolutionGuid = {E897FE4D-075D-4075-9494-01BEF6140D32}
	EndGlobalSection
EndGlobal
